github.com/nfrazier08/cat v0.0.0-20240312144238-04b4ce330b46 h1:H3rzpS1sm1jmRCm3cFknItpg2eBiB7blLwpfFPlYztE=
github.com/nfrazier08/cat v0.0.0-20240312144238-04b4ce330b46/go.mod h1:lGsJlSvwAjpYqffQOjeSag8hNvC/99iCrz7jZMs2/po=
github.com/nfrazier08/kitten v0.0.0-20240312144901-2803a7c63b6e h1:wQ6VaBzX0oZ35zdzcIR3zeuwY2lV48XTBQQlGzcyM98=
github.com/nfrazier08/kitten v0.0.0-20240312144901-2803a7c63b6e/go.mod h1:nIcq2bifaBZIXWRHTs3jg/mIphDdTDDt3jTbLRyBQMg=
